
Microsoft Visual Studio Solution File, Format Version 12.00
# Visual Studio 15
VisualStudioVersion = 15.0.28307.902
MinimumVisualStudioVersion = 10.0.40219.1
Project("{FAE04EC0-301F-11D3-BF4B-00C04F79EFBC}") = "CadastroSala", "CadastroSala\CadastroSala.csproj", "{08122968-A9EB-403C-98B0-49040FB39F77}"
EndProject
Global
	GlobalSection(SolutionConfigurationPlatforms) = preSolution
		Debug|Any CPU = Debug|Any CPU
		Release|Any CPU = Release|Any CPU
	EndGlobalSection
	GlobalSection(ProjectConfigurationPlatforms) = postSolution
		{08122968-A9EB-403C-98B0-49040FB39F77}.Debug|Any CPU.ActiveCfg = Debug|Any CPU
		{08122968-A9EB-403C-98B0-49040FB39F77}.Debug|Any CPU.Build.0 = Debug|Any CPU
		{08122968-A9EB-403C-98B0-49040FB39F77}.Release|Any CPU.ActiveCfg = Release|Any CPU
		{08122968-A9EB-403C-98B0-49040FB39F77}.Release|Any CPU.Build.0 = Release|Any CPU
	EndGlobalSection
	GlobalSection(SolutionProperties) = preSolution
		HideSolutionNode = FALSE
	EndGlobalSection
	GlobalSection(ExtensibilityGlobals) = postSolution
		SolutionGuid = {419F3B67-ECF2-41C8-96D0-94111BE99F32}
	EndGlobalSection
EndGlobal
